
Microsoft Visual Studio Solution File, Format Version 12.00
# Visual Studio Version 17
VisualStudioVersion = 17.0.31903.59
MinimumVisualStudioVersion = 10.0.40219.1
Project("{2150E333-8FDC-42A3-9474-1A3956D46DE8}") = "src", "src", "{827E0CD3-B72D-47B6-A68D-7590B98EB39B}"
	ProjectSection(SolutionItems) = preProject
		src\Scripts\add-migrations.ps1 = src\Scripts\add-migrations.ps1
	EndProjectSection
EndProject
Project("{FAE04EC0-301F-11D3-BF4B-00C04F79EFBC}") = "GatewayApi", "src\GatewayApi\GatewayApi.csproj", "{ECD211A6-EB69-4657-A060-3194237EEB59}"
EndProject
Project("{FAE04EC0-301F-11D3-BF4B-00C04F79EFBC}") = "LocationTrackingService", "src\LocationTrackingService\LocationTrackingService.csproj", "{3EBF8F6B-CEA1-4D67-B10C-C39168F1D263}"
EndProject
Project("{FAE04EC0-301F-11D3-BF4B-00C04F79EFBC}") = "NotificationService", "src\NotificationService\NotificationService.csproj", "{2A1ED379-9FA7-4305-9EC7-996A6482C426}"
EndProject
Project("{FAE04EC0-301F-11D3-BF4B-00C04F79EFBC}") = "AnalyticsService", "src\AnalyticsService\AnalyticsService.csproj", "{D88C88CA-49F0-4CC1-9DE4-9E672673676A}"
EndProject
Project("{FAE04EC0-301F-11D3-BF4B-00C04F79EFBC}") = "Shared", "src\Shared\Shared.csproj", "{AEE8675E-88B2-4C33-B56F-F4D4C5F1B713}"
EndProject
Project("{FAE04EC0-301F-11D3-BF4B-00C04F79EFBC}") = "LocationTrackingClient", "src\LocationTrackingClient\LocationTrackingClient.csproj", "{A88D45CF-C11D-4360-B8F4-85A8758666D2}"
EndProject
Project("{FAE04EC0-301F-11D3-BF4B-00C04F79EFBC}") = "IdentityService", "src\IdentityService\IdentityService.csproj", "{AF8166AB-79F3-4411-8A32-E55AA18D9381}"
EndProject
Project("{2150E333-8FDC-42A3-9474-1A3956D46DE8}") = "OrderService", "OrderService", "{CB33A435-057B-4965-80BB-209FEA931695}"
EndProject
Project("{FAE04EC0-301F-11D3-BF4B-00C04F79EFBC}") = "OrderService.Api", "src\OrderService\OrderService.Api\OrderService.Api.csproj", "{3A10DCD4-F85E-4054-8AD1-E876829A7766}"
EndProject
Project("{FAE04EC0-301F-11D3-BF4B-00C04F79EFBC}") = "OrderService.Application", "src\OrderService\OrderService.Application\OrderService.Application.csproj", "{8E1D8841-33FB-428D-92B7-CE1633C99A24}"
EndProject
Project("{FAE04EC0-301F-11D3-BF4B-00C04F79EFBC}") = "OrderService.Domain", "src\OrderService\OrderService.Domain\OrderService.Domain.csproj", "{E50CC88B-50DB-4AB7-93B5-86FCF5786A6D}"
EndProject
Project("{FAE04EC0-301F-11D3-BF4B-00C04F79EFBC}") = "OrderService.Infrastructure", "src\OrderService\OrderService.Infrastructure\OrderService.Infrastructure.csproj", "{3B751CE1-E10E-4F5E-893D-D6DA1122A2D5}"
EndProject
Project("{2150E333-8FDC-42A3-9474-1A3956D46DE8}") = "CatalogService", "CatalogService", "{1A33888F-49E8-4FD6-BE51-89959B779D4D}"
EndProject
Project("{FAE04EC0-301F-11D3-BF4B-00C04F79EFBC}") = "CatalogService.Api", "src\CatalogService\CatalogService.Api\CatalogService.Api.csproj", "{B76F9AC7-B358-408D-BE85-3BA33ADF2EC1}"
EndProject
Project("{FAE04EC0-301F-11D3-BF4B-00C04F79EFBC}") = "CatalogService.Application", "src\CatalogService\CatalogService.Application\CatalogService.Application.csproj", "{BC0F26C6-52EE-4FEE-A0D8-3F8538E02135}"
EndProject
Project("{FAE04EC0-301F-11D3-BF4B-00C04F79EFBC}") = "CatalogService.Domain", "src\CatalogService\CatalogService.Domain\CatalogService.Domain.csproj", "{ECEC83EB-E86A-477B-B2E8-DF9F09053225}"
EndProject
Project("{FAE04EC0-301F-11D3-BF4B-00C04F79EFBC}") = "CatalogService.Infrastructure", "src\CatalogService\CatalogService.Infrastructure\CatalogService.Infrastructure.csproj", "{F454BE47-66F1-45B5-A123-CDBCF2748B6E}"
EndProject
Project("{FAE04EC0-301F-11D3-BF4B-00C04F79EFBC}") = "InventoryService.Api", "src\InventoryService\InventoryService.Api\InventoryService.Api.csproj", "{A1DDE425-70AC-43DC-82C9-1AC804DF81F6}"
EndProject
Project("{2150E333-8FDC-42A3-9474-1A3956D46DE8}") = "InventoryService", "InventoryService", "{733DD975-5F55-4711-AD9E-87B08269F759}"
EndProject
Project("{FAE04EC0-301F-11D3-BF4B-00C04F79EFBC}") = "InventoryService.Application", "src\InventoryService\InventoryService.Application\InventoryService.Application.csproj", "{969A0B64-CFBA-4BFA-9F14-05BFC87BD5C0}"
EndProject
Project("{FAE04EC0-301F-11D3-BF4B-00C04F79EFBC}") = "InventoryService.Domain", "src\InventoryService\InventoryService.Domain\InventoryService.Domain.csproj", "{8F1FAA98-B954-44E8-8323-355A277A4A49}"
EndProject
Project("{FAE04EC0-301F-11D3-BF4B-00C04F79EFBC}") = "InventoryService.Infrastructure", "src\InventoryService\InventoryService.Infrastructure\InventoryService.Infrastructure.csproj", "{08D10CA2-0BBB-495B-B79F-002A1A3F5395}"
EndProject
Project("{2150E333-8FDC-42A3-9474-1A3956D46DE8}") = "CartService", "CartService", "{2A51A428-62B4-47D7-8358-8F32183625B5}"
EndProject
Project("{FAE04EC0-301F-11D3-BF4B-00C04F79EFBC}") = "CartService.Api", "src\CartService\CartService.Api\CartService.Api.csproj", "{BFBB7CA9-D24C-4F03-AB76-4A7939E7B34D}"
EndProject
Project("{FAE04EC0-301F-11D3-BF4B-00C04F79EFBC}") = "CartService.Application", "src\CartService\CartService.Application\CartService.Application.csproj", "{CB494EEA-F2E7-4EF9-AC93-D6C675BBD848}"
EndProject
Project("{FAE04EC0-301F-11D3-BF4B-00C04F79EFBC}") = "CartService.Domain", "src\CartService\CartService.Domain\CartService.Domain.csproj", "{8E7E107A-9C3A-4B77-A97B-9F735B57A945}"
EndProject
Project("{FAE04EC0-301F-11D3-BF4B-00C04F79EFBC}") = "CartService.Infrastructure", "src\CartService\CartService.Infrastructure\CartService.Infrastructure.csproj", "{058186E7-D739-445D-BFF4-24107F92BDDB}"
EndProject
Project("{2150E333-8FDC-42A3-9474-1A3956D46DE8}") = "CourierService", "CourierService", "{13FE85B1-D9C8-469F-938A-C4E24F896E2A}"
EndProject
Project("{FAE04EC0-301F-11D3-BF4B-00C04F79EFBC}") = "CourierService.Api", "src\CourierService\CourierService.Api\CourierService.Api.csproj", "{1E59F0CB-87C6-45A8-819E-FC579A8A336F}"
EndProject
Project("{FAE04EC0-301F-11D3-BF4B-00C04F79EFBC}") = "CourierService.Application", "src\CourierService\CourierService.Application\CourierService.Application.csproj", "{393635F1-0C05-49D3-A975-8B725B957537}"
EndProject
Project("{FAE04EC0-301F-11D3-BF4B-00C04F79EFBC}") = "CourierService.Domain", "src\CourierService\CourierService.Domain\CourierService.Domain.csproj", "{A602C5DA-A0E0-46D6-B570-018D887B7580}"
EndProject
Project("{FAE04EC0-301F-11D3-BF4B-00C04F79EFBC}") = "CourierService.Infrastructure", "src\CourierService\CourierService.Infrastructure\CourierService.Infrastructure.csproj", "{262983D2-9C2A-43AC-A358-F02AD3230245}"
EndProject
Project("{FAE04EC0-301F-11D3-BF4B-00C04F79EFBC}") = "Tests.IntegrationTests", "src\Tests.IntegrationTests\Tests.IntegrationTests.csproj", "{6904ED28-136D-44CF-8A23-B827595D02A4}"
EndProject
Project("{FAE04EC0-301F-11D3-BF4B-00C04F79EFBC}") = "WebApp", "src\WebApp\WebApp.csproj", "{B454B0CB-1237-4CFB-974F-F1ACE40A8E3E}"
EndProject
Global
	GlobalSection(SolutionConfigurationPlatforms) = preSolution
		Debug|Any CPU = Debug|Any CPU
		Debug|x64 = Debug|x64
		Debug|x86 = Debug|x86
		Release|Any CPU = Release|Any CPU
		Release|x64 = Release|x64
		Release|x86 = Release|x86
	EndGlobalSection
	GlobalSection(ProjectConfigurationPlatforms) = postSolution
		{ECD211A6-EB69-4657-A060-3194237EEB59}.Debug|Any CPU.ActiveCfg = Debug|Any CPU
		{ECD211A6-EB69-4657-A060-3194237EEB59}.Debug|Any CPU.Build.0 = Debug|Any CPU
		{ECD211A6-EB69-4657-A060-3194237EEB59}.Debug|x64.ActiveCfg = Debug|Any CPU
		{ECD211A6-EB69-4657-A060-3194237EEB59}.Debug|x64.Build.0 = Debug|Any CPU
		{ECD211A6-EB69-4657-A060-3194237EEB59}.Debug|x86.ActiveCfg = Debug|Any CPU
		{ECD211A6-EB69-4657-A060-3194237EEB59}.Debug|x86.Build.0 = Debug|Any CPU
		{ECD211A6-EB69-4657-A060-3194237EEB59}.Release|Any CPU.ActiveCfg = Release|Any CPU
		{ECD211A6-EB69-4657-A060-3194237EEB59}.Release|Any CPU.Build.0 = Release|Any CPU
		{ECD211A6-EB69-4657-A060-3194237EEB59}.Release|x64.ActiveCfg = Release|Any CPU
		{ECD211A6-EB69-4657-A060-3194237EEB59}.Release|x64.Build.0 = Release|Any CPU
		{ECD211A6-EB69-4657-A060-3194237EEB59}.Release|x86.ActiveCfg = Release|Any CPU
		{ECD211A6-EB69-4657-A060-3194237EEB59}.Release|x86.Build.0 = Release|Any CPU
		{3EBF8F6B-CEA1-4D67-B10C-C39168F1D263}.Debug|Any CPU.ActiveCfg = Debug|Any CPU
		{3EBF8F6B-CEA1-4D67-B10C-C39168F1D263}.Debug|Any CPU.Build.0 = Debug|Any CPU
		{3EBF8F6B-CEA1-4D67-B10C-C39168F1D263}.Debug|x64.ActiveCfg = Debug|Any CPU
		{3EBF8F6B-CEA1-4D67-B10C-C39168F1D263}.Debug|x64.Build.0 = Debug|Any CPU
		{3EBF8F6B-CEA1-4D67-B10C-C39168F1D263}.Debug|x86.ActiveCfg = Debug|Any CPU
		{3EBF8F6B-CEA1-4D67-B10C-C39168F1D263}.Debug|x86.Build.0 = Debug|Any CPU
		{3EBF8F6B-CEA1-4D67-B10C-C39168F1D263}.Release|Any CPU.ActiveCfg = Release|Any CPU
		{3EBF8F6B-CEA1-4D67-B10C-C39168F1D263}.Release|Any CPU.Build.0 = Release|Any CPU
		{3EBF8F6B-CEA1-4D67-B10C-C39168F1D263}.Release|x64.ActiveCfg = Release|Any CPU
		{3EBF8F6B-CEA1-4D67-B10C-C39168F1D263}.Release|x64.Build.0 = Release|Any CPU
		{3EBF8F6B-CEA1-4D67-B10C-C39168F1D263}.Release|x86.ActiveCfg = Release|Any CPU
		{3EBF8F6B-CEA1-4D67-B10C-C39168F1D263}.Release|x86.Build.0 = Release|Any CPU
		{2A1ED379-9FA7-4305-9EC7-996A6482C426}.Debug|Any CPU.ActiveCfg = Debug|Any CPU
		{2A1ED379-9FA7-4305-9EC7-996A6482C426}.Debug|Any CPU.Build.0 = Debug|Any CPU
		{2A1ED379-9FA7-4305-9EC7-996A6482C426}.Debug|x64.ActiveCfg = Debug|Any CPU
		{2A1ED379-9FA7-4305-9EC7-996A6482C426}.Debug|x64.Build.0 = Debug|Any CPU
		{2A1ED379-9FA7-4305-9EC7-996A6482C426}.Debug|x86.ActiveCfg = Debug|Any CPU
		{2A1ED379-9FA7-4305-9EC7-996A6482C426}.Debug|x86.Build.0 = Debug|Any CPU
		{2A1ED379-9FA7-4305-9EC7-996A6482C426}.Release|Any CPU.ActiveCfg = Release|Any CPU
		{2A1ED379-9FA7-4305-9EC7-996A6482C426}.Release|Any CPU.Build.0 = Release|Any CPU
		{2A1ED379-9FA7-4305-9EC7-996A6482C426}.Release|x64.ActiveCfg = Release|Any CPU
		{2A1ED379-9FA7-4305-9EC7-996A6482C426}.Release|x64.Build.0 = Release|Any CPU
		{2A1ED379-9FA7-4305-9EC7-996A6482C426}.Release|x86.ActiveCfg = Release|Any CPU
		{2A1ED379-9FA7-4305-9EC7-996A6482C426}.Release|x86.Build.0 = Release|Any CPU
		{D88C88CA-49F0-4CC1-9DE4-9E672673676A}.Debug|Any CPU.ActiveCfg = Debug|Any CPU
		{D88C88CA-49F0-4CC1-9DE4-9E672673676A}.Debug|Any CPU.Build.0 = Debug|Any CPU
		{D88C88CA-49F0-4CC1-9DE4-9E672673676A}.Debug|x64.ActiveCfg = Debug|Any CPU
		{D88C88CA-49F0-4CC1-9DE4-9E672673676A}.Debug|x64.Build.0 = Debug|Any CPU
		{D88C88CA-49F0-4CC1-9DE4-9E672673676A}.Debug|x86.ActiveCfg = Debug|Any CPU
		{D88C88CA-49F0-4CC1-9DE4-9E672673676A}.Debug|x86.Build.0 = Debug|Any CPU
		{D88C88CA-49F0-4CC1-9DE4-9E672673676A}.Release|Any CPU.ActiveCfg = Release|Any CPU
		{D88C88CA-49F0-4CC1-9DE4-9E672673676A}.Release|Any CPU.Build.0 = Release|Any CPU
		{D88C88CA-49F0-4CC1-9DE4-9E672673676A}.Release|x64.ActiveCfg = Release|Any CPU
		{D88C88CA-49F0-4CC1-9DE4-9E672673676A}.Release|x64.Build.0 = Release|Any CPU
		{D88C88CA-49F0-4CC1-9DE4-9E672673676A}.Release|x86.ActiveCfg = Release|Any CPU
		{D88C88CA-49F0-4CC1-9DE4-9E672673676A}.Release|x86.Build.0 = Release|Any CPU
		{AEE8675E-88B2-4C33-B56F-F4D4C5F1B713}.Debug|Any CPU.ActiveCfg = Debug|Any CPU
		{AEE8675E-88B2-4C33-B56F-F4D4C5F1B713}.Debug|Any CPU.Build.0 = Debug|Any CPU
		{AEE8675E-88B2-4C33-B56F-F4D4C5F1B713}.Debug|x64.ActiveCfg = Debug|Any CPU
		{AEE8675E-88B2-4C33-B56F-F4D4C5F1B713}.Debug|x64.Build.0 = Debug|Any CPU
		{AEE8675E-88B2-4C33-B56F-F4D4C5F1B713}.Debug|x86.ActiveCfg = Debug|Any CPU
		{AEE8675E-88B2-4C33-B56F-F4D4C5F1B713}.Debug|x86.Build.0 = Debug|Any CPU
		{AEE8675E-88B2-4C33-B56F-F4D4C5F1B713}.Release|Any CPU.ActiveCfg = Release|Any CPU
		{AEE8675E-88B2-4C33-B56F-F4D4C5F1B713}.Release|Any CPU.Build.0 = Release|Any CPU
		{AEE8675E-88B2-4C33-B56F-F4D4C5F1B713}.Release|x64.ActiveCfg = Release|Any CPU
		{AEE8675E-88B2-4C33-B56F-F4D4C5F1B713}.Release|x64.Build.0 = Release|Any CPU
		{AEE8675E-88B2-4C33-B56F-F4D4C5F1B713}.Release|x86.ActiveCfg = Release|Any CPU
		{AEE8675E-88B2-4C33-B56F-F4D4C5F1B713}.Release|x86.Build.0 = Release|Any CPU
		{A88D45CF-C11D-4360-B8F4-85A8758666D2}.Debug|Any CPU.ActiveCfg = Debug|Any CPU
		{A88D45CF-C11D-4360-B8F4-85A8758666D2}.Debug|Any CPU.Build.0 = Debug|Any CPU
		{A88D45CF-C11D-4360-B8F4-85A8758666D2}.Debug|x64.ActiveCfg = Debug|Any CPU
		{A88D45CF-C11D-4360-B8F4-85A8758666D2}.Debug|x64.Build.0 = Debug|Any CPU
		{A88D45CF-C11D-4360-B8F4-85A8758666D2}.Debug|x86.ActiveCfg = Debug|Any CPU
		{A88D45CF-C11D-4360-B8F4-85A8758666D2}.Debug|x86.Build.0 = Debug|Any CPU
		{A88D45CF-C11D-4360-B8F4-85A8758666D2}.Release|Any CPU.ActiveCfg = Release|Any CPU
		{A88D45CF-C11D-4360-B8F4-85A8758666D2}.Release|Any CPU.Build.0 = Release|Any CPU
		{A88D45CF-C11D-4360-B8F4-85A8758666D2}.Release|x64.ActiveCfg = Release|Any CPU
		{A88D45CF-C11D-4360-B8F4-85A8758666D2}.Release|x64.Build.0 = Release|Any CPU
		{A88D45CF-C11D-4360-B8F4-85A8758666D2}.Release|x86.ActiveCfg = Release|Any CPU
		{A88D45CF-C11D-4360-B8F4-85A8758666D2}.Release|x86.Build.0 = Release|Any CPU
		{AF8166AB-79F3-4411-8A32-E55AA18D9381}.Debug|Any CPU.ActiveCfg = Debug|Any CPU
		{AF8166AB-79F3-4411-8A32-E55AA18D9381}.Debug|Any CPU.Build.0 = Debug|Any CPU
		{AF8166AB-79F3-4411-8A32-E55AA18D9381}.Debug|x64.ActiveCfg = Debug|Any CPU
		{AF8166AB-79F3-4411-8A32-E55AA18D9381}.Debug|x64.Build.0 = Debug|Any CPU
		{AF8166AB-79F3-4411-8A32-E55AA18D9381}.Debug|x86.ActiveCfg = Debug|Any CPU
		{AF8166AB-79F3-4411-8A32-E55AA18D9381}.Debug|x86.Build.0 = Debug|Any CPU
		{AF8166AB-79F3-4411-8A32-E55AA18D9381}.Release|Any CPU.ActiveCfg = Release|Any CPU
		{AF8166AB-79F3-4411-8A32-E55AA18D9381}.Release|Any CPU.Build.0 = Release|Any CPU
		{AF8166AB-79F3-4411-8A32-E55AA18D9381}.Release|x64.ActiveCfg = Release|Any CPU
		{AF8166AB-79F3-4411-8A32-E55AA18D9381}.Release|x64.Build.0 = Release|Any CPU
		{AF8166AB-79F3-4411-8A32-E55AA18D9381}.Release|x86.ActiveCfg = Release|Any CPU
		{AF8166AB-79F3-4411-8A32-E55AA18D9381}.Release|x86.Build.0 = Release|Any CPU
		{3A10DCD4-F85E-4054-8AD1-E876829A7766}.Debug|Any CPU.ActiveCfg = Debug|Any CPU
		{3A10DCD4-F85E-4054-8AD1-E876829A7766}.Debug|Any CPU.Build.0 = Debug|Any CPU
		{3A10DCD4-F85E-4054-8AD1-E876829A7766}.Debug|x64.ActiveCfg = Debug|Any CPU
		{3A10DCD4-F85E-4054-8AD1-E876829A7766}.Debug|x64.Build.0 = Debug|Any CPU
		{3A10DCD4-F85E-4054-8AD1-E876829A7766}.Debug|x86.ActiveCfg = Debug|Any CPU
		{3A10DCD4-F85E-4054-8AD1-E876829A7766}.Debug|x86.Build.0 = Debug|Any CPU
		{3A10DCD4-F85E-4054-8AD1-E876829A7766}.Release|Any CPU.ActiveCfg = Release|Any CPU
		{3A10DCD4-F85E-4054-8AD1-E876829A7766}.Release|Any CPU.Build.0 = Release|Any CPU
		{3A10DCD4-F85E-4054-8AD1-E876829A7766}.Release|x64.ActiveCfg = Release|Any CPU
		{3A10DCD4-F85E-4054-8AD1-E876829A7766}.Release|x64.Build.0 = Release|Any CPU
		{3A10DCD4-F85E-4054-8AD1-E876829A7766}.Release|x86.ActiveCfg = Release|Any CPU
		{3A10DCD4-F85E-4054-8AD1-E876829A7766}.Release|x86.Build.0 = Release|Any CPU
		{8E1D8841-33FB-428D-92B7-CE1633C99A24}.Debug|Any CPU.ActiveCfg = Debug|Any CPU
		{8E1D8841-33FB-428D-92B7-CE1633C99A24}.Debug|Any CPU.Build.0 = Debug|Any CPU
		{8E1D8841-33FB-428D-92B7-CE1633C99A24}.Debug|x64.ActiveCfg = Debug|Any CPU
		{8E1D8841-33FB-428D-92B7-CE1633C99A24}.Debug|x64.Build.0 = Debug|Any CPU
		{8E1D8841-33FB-428D-92B7-CE1633C99A24}.Debug|x86.ActiveCfg = Debug|Any CPU
		{8E1D8841-33FB-428D-92B7-CE1633C99A24}.Debug|x86.Build.0 = Debug|Any CPU
		{8E1D8841-33FB-428D-92B7-CE1633C99A24}.Release|Any CPU.ActiveCfg = Release|Any CPU
		{8E1D8841-33FB-428D-92B7-CE1633C99A24}.Release|Any CPU.Build.0 = Release|Any CPU
		{8E1D8841-33FB-428D-92B7-CE1633C99A24}.Release|x64.ActiveCfg = Release|Any CPU
		{8E1D8841-33FB-428D-92B7-CE1633C99A24}.Release|x64.Build.0 = Release|Any CPU
		{8E1D8841-33FB-428D-92B7-CE1633C99A24}.Release|x86.ActiveCfg = Release|Any CPU
		{8E1D8841-33FB-428D-92B7-CE1633C99A24}.Release|x86.Build.0 = Release|Any CPU
		{E50CC88B-50DB-4AB7-93B5-86FCF5786A6D}.Debug|Any CPU.ActiveCfg = Debug|Any CPU
		{E50CC88B-50DB-4AB7-93B5-86FCF5786A6D}.Debug|Any CPU.Build.0 = Debug|Any CPU
		{E50CC88B-50DB-4AB7-93B5-86FCF5786A6D}.Debug|x64.ActiveCfg = Debug|Any CPU
		{E50CC88B-50DB-4AB7-93B5-86FCF5786A6D}.Debug|x64.Build.0 = Debug|Any CPU
		{E50CC88B-50DB-4AB7-93B5-86FCF5786A6D}.Debug|x86.ActiveCfg = Debug|Any CPU
		{E50CC88B-50DB-4AB7-93B5-86FCF5786A6D}.Debug|x86.Build.0 = Debug|Any CPU
		{E50CC88B-50DB-4AB7-93B5-86FCF5786A6D}.Release|Any CPU.ActiveCfg = Release|Any CPU
		{E50CC88B-50DB-4AB7-93B5-86FCF5786A6D}.Release|Any CPU.Build.0 = Release|Any CPU
		{E50CC88B-50DB-4AB7-93B5-86FCF5786A6D}.Release|x64.ActiveCfg = Release|Any CPU
		{E50CC88B-50DB-4AB7-93B5-86FCF5786A6D}.Release|x64.Build.0 = Release|Any CPU
		{E50CC88B-50DB-4AB7-93B5-86FCF5786A6D}.Release|x86.ActiveCfg = Release|Any CPU
		{E50CC88B-50DB-4AB7-93B5-86FCF5786A6D}.Release|x86.Build.0 = Release|Any CPU
		{3B751CE1-E10E-4F5E-893D-D6DA1122A2D5}.Debug|Any CPU.ActiveCfg = Debug|Any CPU
		{3B751CE1-E10E-4F5E-893D-D6DA1122A2D5}.Debug|Any CPU.Build.0 = Debug|Any CPU
		{3B751CE1-E10E-4F5E-893D-D6DA1122A2D5}.Debug|x64.ActiveCfg = Debug|Any CPU
		{3B751CE1-E10E-4F5E-893D-D6DA1122A2D5}.Debug|x64.Build.0 = Debug|Any CPU
		{3B751CE1-E10E-4F5E-893D-D6DA1122A2D5}.Debug|x86.ActiveCfg = Debug|Any CPU
		{3B751CE1-E10E-4F5E-893D-D6DA1122A2D5}.Debug|x86.Build.0 = Debug|Any CPU
		{3B751CE1-E10E-4F5E-893D-D6DA1122A2D5}.Release|Any CPU.ActiveCfg = Release|Any CPU
		{3B751CE1-E10E-4F5E-893D-D6DA1122A2D5}.Release|Any CPU.Build.0 = Release|Any CPU
		{3B751CE1-E10E-4F5E-893D-D6DA1122A2D5}.Release|x64.ActiveCfg = Release|Any CPU
		{3B751CE1-E10E-4F5E-893D-D6DA1122A2D5}.Release|x64.Build.0 = Release|Any CPU
		{3B751CE1-E10E-4F5E-893D-D6DA1122A2D5}.Release|x86.ActiveCfg = Release|Any CPU
		{3B751CE1-E10E-4F5E-893D-D6DA1122A2D5}.Release|x86.Build.0 = Release|Any CPU
		{B76F9AC7-B358-408D-BE85-3BA33ADF2EC1}.Debug|Any CPU.ActiveCfg = Debug|Any CPU
		{B76F9AC7-B358-408D-BE85-3BA33ADF2EC1}.Debug|Any CPU.Build.0 = Debug|Any CPU
		{B76F9AC7-B358-408D-BE85-3BA33ADF2EC1}.Debug|x64.ActiveCfg = Debug|Any CPU
		{B76F9AC7-B358-408D-BE85-3BA33ADF2EC1}.Debug|x64.Build.0 = Debug|Any CPU
		{B76F9AC7-B358-408D-BE85-3BA33ADF2EC1}.Debug|x86.ActiveCfg = Debug|Any CPU
		{B76F9AC7-B358-408D-BE85-3BA33ADF2EC1}.Debug|x86.Build.0 = Debug|Any CPU
		{B76F9AC7-B358-408D-BE85-3BA33ADF2EC1}.Release|Any CPU.ActiveCfg = Release|Any CPU
		{B76F9AC7-B358-408D-BE85-3BA33ADF2EC1}.Release|Any CPU.Build.0 = Release|Any CPU
		{B76F9AC7-B358-408D-BE85-3BA33ADF2EC1}.Release|x64.ActiveCfg = Release|Any CPU
		{B76F9AC7-B358-408D-BE85-3BA33ADF2EC1}.Release|x64.Build.0 = Release|Any CPU
		{B76F9AC7-B358-408D-BE85-3BA33ADF2EC1}.Release|x86.ActiveCfg = Release|Any CPU
		{B76F9AC7-B358-408D-BE85-3BA33ADF2EC1}.Release|x86.Build.0 = Release|Any CPU
		{BC0F26C6-52EE-4FEE-A0D8-3F8538E02135}.Debug|Any CPU.ActiveCfg = Debug|Any CPU
		{BC0F26C6-52EE-4FEE-A0D8-3F8538E02135}.Debug|Any CPU.Build.0 = Debug|Any CPU
		{BC0F26C6-52EE-4FEE-A0D8-3F8538E02135}.Debug|x64.ActiveCfg = Debug|Any CPU
		{BC0F26C6-52EE-4FEE-A0D8-3F8538E02135}.Debug|x64.Build.0 = Debug|Any CPU
		{BC0F26C6-52EE-4FEE-A0D8-3F8538E02135}.Debug|x86.ActiveCfg = Debug|Any CPU
		{BC0F26C6-52EE-4FEE-A0D8-3F8538E02135}.Debug|x86.Build.0 = Debug|Any CPU
		{BC0F26C6-52EE-4FEE-A0D8-3F8538E02135}.Release|Any CPU.ActiveCfg = Release|Any CPU
		{BC0F26C6-52EE-4FEE-A0D8-3F8538E02135}.Release|Any CPU.Build.0 = Release|Any CPU
		{BC0F26C6-52EE-4FEE-A0D8-3F8538E02135}.Release|x64.ActiveCfg = Release|Any CPU
		{BC0F26C6-52EE-4FEE-A0D8-3F8538E02135}.Release|x64.Build.0 = Release|Any CPU
		{BC0F26C6-52EE-4FEE-A0D8-3F8538E02135}.Release|x86.ActiveCfg = Release|Any CPU
		{BC0F26C6-52EE-4FEE-A0D8-3F8538E02135}.Release|x86.Build.0 = Release|Any CPU
		{ECEC83EB-E86A-477B-B2E8-DF9F09053225}.Debug|Any CPU.ActiveCfg = Debug|Any CPU
		{ECEC83EB-E86A-477B-B2E8-DF9F09053225}.Debug|Any CPU.Build.0 = Debug|Any CPU
		{ECEC83EB-E86A-477B-B2E8-DF9F09053225}.Debug|x64.ActiveCfg = Debug|Any CPU
		{ECEC83EB-E86A-477B-B2E8-DF9F09053225}.Debug|x64.Build.0 = Debug|Any CPU
		{ECEC83EB-E86A-477B-B2E8-DF9F09053225}.Debug|x86.ActiveCfg = Debug|Any CPU
		{ECEC83EB-E86A-477B-B2E8-DF9F09053225}.Debug|x86.Build.0 = Debug|Any CPU
		{ECEC83EB-E86A-477B-B2E8-DF9F09053225}.Release|Any CPU.ActiveCfg = Release|Any CPU
		{ECEC83EB-E86A-477B-B2E8-DF9F09053225}.Release|Any CPU.Build.0 = Release|Any CPU
		{ECEC83EB-E86A-477B-B2E8-DF9F09053225}.Release|x64.ActiveCfg = Release|Any CPU
		{ECEC83EB-E86A-477B-B2E8-DF9F09053225}.Release|x64.Build.0 = Release|Any CPU
		{ECEC83EB-E86A-477B-B2E8-DF9F09053225}.Release|x86.ActiveCfg = Release|Any CPU
		{ECEC83EB-E86A-477B-B2E8-DF9F09053225}.Release|x86.Build.0 = Release|Any CPU
		{F454BE47-66F1-45B5-A123-CDBCF2748B6E}.Debug|Any CPU.ActiveCfg = Debug|Any CPU
		{F454BE47-66F1-45B5-A123-CDBCF2748B6E}.Debug|Any CPU.Build.0 = Debug|Any CPU
		{F454BE47-66F1-45B5-A123-CDBCF2748B6E}.Debug|x64.ActiveCfg = Debug|Any CPU
		{F454BE47-66F1-45B5-A123-CDBCF2748B6E}.Debug|x64.Build.0 = Debug|Any CPU
		{F454BE47-66F1-45B5-A123-CDBCF2748B6E}.Debug|x86.ActiveCfg = Debug|Any CPU
		{F454BE47-66F1-45B5-A123-CDBCF2748B6E}.Debug|x86.Build.0 = Debug|Any CPU
		{F454BE47-66F1-45B5-A123-CDBCF2748B6E}.Release|Any CPU.ActiveCfg = Release|Any CPU
		{F454BE47-66F1-45B5-A123-CDBCF2748B6E}.Release|Any CPU.Build.0 = Release|Any CPU
		{F454BE47-66F1-45B5-A123-CDBCF2748B6E}.Release|x64.ActiveCfg = Release|Any CPU
		{F454BE47-66F1-45B5-A123-CDBCF2748B6E}.Release|x64.Build.0 = Release|Any CPU
		{F454BE47-66F1-45B5-A123-CDBCF2748B6E}.Release|x86.ActiveCfg = Release|Any CPU
		{F454BE47-66F1-45B5-A123-CDBCF2748B6E}.Release|x86.Build.0 = Release|Any CPU
		{A1DDE425-70AC-43DC-82C9-1AC804DF81F6}.Debug|Any CPU.ActiveCfg = Debug|Any CPU
		{A1DDE425-70AC-43DC-82C9-1AC804DF81F6}.Debug|Any CPU.Build.0 = Debug|Any CPU
		{A1DDE425-70AC-43DC-82C9-1AC804DF81F6}.Debug|x64.ActiveCfg = Debug|Any CPU
		{A1DDE425-70AC-43DC-82C9-1AC804DF81F6}.Debug|x64.Build.0 = Debug|Any CPU
		{A1DDE425-70AC-43DC-82C9-1AC804DF81F6}.Debug|x86.ActiveCfg = Debug|Any CPU
		{A1DDE425-70AC-43DC-82C9-1AC804DF81F6}.Debug|x86.Build.0 = Debug|Any CPU
		{A1DDE425-70AC-43DC-82C9-1AC804DF81F6}.Release|Any CPU.ActiveCfg = Release|Any CPU
		{A1DDE425-70AC-43DC-82C9-1AC804DF81F6}.Release|Any CPU.Build.0 = Release|Any CPU
		{A1DDE425-70AC-43DC-82C9-1AC804DF81F6}.Release|x64.ActiveCfg = Release|Any CPU
		{A1DDE425-70AC-43DC-82C9-1AC804DF81F6}.Release|x64.Build.0 = Release|Any CPU
		{A1DDE425-70AC-43DC-82C9-1AC804DF81F6}.Release|x86.ActiveCfg = Release|Any CPU
		{A1DDE425-70AC-43DC-82C9-1AC804DF81F6}.Release|x86.Build.0 = Release|Any CPU
		{969A0B64-CFBA-4BFA-9F14-05BFC87BD5C0}.Debug|Any CPU.ActiveCfg = Debug|Any CPU
		{969A0B64-CFBA-4BFA-9F14-05BFC87BD5C0}.Debug|Any CPU.Build.0 = Debug|Any CPU
		{969A0B64-CFBA-4BFA-9F14-05BFC87BD5C0}.Debug|x64.ActiveCfg = Debug|Any CPU
		{969A0B64-CFBA-4BFA-9F14-05BFC87BD5C0}.Debug|x64.Build.0 = Debug|Any CPU
		{969A0B64-CFBA-4BFA-9F14-05BFC87BD5C0}.Debug|x86.ActiveCfg = Debug|Any CPU
		{969A0B64-CFBA-4BFA-9F14-05BFC87BD5C0}.Debug|x86.Build.0 = Debug|Any CPU
		{969A0B64-CFBA-4BFA-9F14-05BFC87BD5C0}.Release|Any CPU.ActiveCfg = Release|Any CPU
		{969A0B64-CFBA-4BFA-9F14-05BFC87BD5C0}.Release|Any CPU.Build.0 = Release|Any CPU
		{969A0B64-CFBA-4BFA-9F14-05BFC87BD5C0}.Release|x64.ActiveCfg = Release|Any CPU
		{969A0B64-CFBA-4BFA-9F14-05BFC87BD5C0}.Release|x64.Build.0 = Release|Any CPU
		{969A0B64-CFBA-4BFA-9F14-05BFC87BD5C0}.Release|x86.ActiveCfg = Release|Any CPU
		{969A0B64-CFBA-4BFA-9F14-05BFC87BD5C0}.Release|x86.Build.0 = Release|Any CPU
		{8F1FAA98-B954-44E8-8323-355A277A4A49}.Debug|Any CPU.ActiveCfg = Debug|Any CPU
		{8F1FAA98-B954-44E8-8323-355A277A4A49}.Debug|Any CPU.Build.0 = Debug|Any CPU
		{8F1FAA98-B954-44E8-8323-355A277A4A49}.Debug|x64.ActiveCfg = Debug|Any CPU
		{8F1FAA98-B954-44E8-8323-355A277A4A49}.Debug|x64.Build.0 = Debug|Any CPU
		{8F1FAA98-B954-44E8-8323-355A277A4A49}.Debug|x86.ActiveCfg = Debug|Any CPU
		{8F1FAA98-B954-44E8-8323-355A277A4A49}.Debug|x86.Build.0 = Debug|Any CPU
		{8F1FAA98-B954-44E8-8323-355A277A4A49}.Release|Any CPU.ActiveCfg = Release|Any CPU
		{8F1FAA98-B954-44E8-8323-355A277A4A49}.Release|Any CPU.Build.0 = Release|Any CPU
		{8F1FAA98-B954-44E8-8323-355A277A4A49}.Release|x64.ActiveCfg = Release|Any CPU
		{8F1FAA98-B954-44E8-8323-355A277A4A49}.Release|x64.Build.0 = Release|Any CPU
		{8F1FAA98-B954-44E8-8323-355A277A4A49}.Release|x86.ActiveCfg = Release|Any CPU
		{8F1FAA98-B954-44E8-8323-355A277A4A49}.Release|x86.Build.0 = Release|Any CPU
		{08D10CA2-0BBB-495B-B79F-002A1A3F5395}.Debug|Any CPU.ActiveCfg = Debug|Any CPU
		{08D10CA2-0BBB-495B-B79F-002A1A3F5395}.Debug|Any CPU.Build.0 = Debug|Any CPU
		{08D10CA2-0BBB-495B-B79F-002A1A3F5395}.Debug|x64.ActiveCfg = Debug|Any CPU
		{08D10CA2-0BBB-495B-B79F-002A1A3F5395}.Debug|x64.Build.0 = Debug|Any CPU
		{08D10CA2-0BBB-495B-B79F-002A1A3F5395}.Debug|x86.ActiveCfg = Debug|Any CPU
		{08D10CA2-0BBB-495B-B79F-002A1A3F5395}.Debug|x86.Build.0 = Debug|Any CPU
		{08D10CA2-0BBB-495B-B79F-002A1A3F5395}.Release|Any CPU.ActiveCfg = Release|Any CPU
		{08D10CA2-0BBB-495B-B79F-002A1A3F5395}.Release|Any CPU.Build.0 = Release|Any CPU
		{08D10CA2-0BBB-495B-B79F-002A1A3F5395}.Release|x64.ActiveCfg = Release|Any CPU
		{08D10CA2-0BBB-495B-B79F-002A1A3F5395}.Release|x64.Build.0 = Release|Any CPU
		{08D10CA2-0BBB-495B-B79F-002A1A3F5395}.Release|x86.ActiveCfg = Release|Any CPU
		{08D10CA2-0BBB-495B-B79F-002A1A3F5395}.Release|x86.Build.0 = Release|Any CPU
		{BFBB7CA9-D24C-4F03-AB76-4A7939E7B34D}.Debug|Any CPU.ActiveCfg = Debug|Any CPU
		{BFBB7CA9-D24C-4F03-AB76-4A7939E7B34D}.Debug|Any CPU.Build.0 = Debug|Any CPU
		{BFBB7CA9-D24C-4F03-AB76-4A7939E7B34D}.Debug|x64.ActiveCfg = Debug|Any CPU
		{BFBB7CA9-D24C-4F03-AB76-4A7939E7B34D}.Debug|x64.Build.0 = Debug|Any CPU
		{BFBB7CA9-D24C-4F03-AB76-4A7939E7B34D}.Debug|x86.ActiveCfg = Debug|Any CPU
		{BFBB7CA9-D24C-4F03-AB76-4A7939E7B34D}.Debug|x86.Build.0 = Debug|Any CPU
		{BFBB7CA9-D24C-4F03-AB76-4A7939E7B34D}.Release|Any CPU.ActiveCfg = Release|Any CPU
		{BFBB7CA9-D24C-4F03-AB76-4A7939E7B34D}.Release|Any CPU.Build.0 = Release|Any CPU
		{BFBB7CA9-D24C-4F03-AB76-4A7939E7B34D}.Release|x64.ActiveCfg = Release|Any CPU
		{BFBB7CA9-D24C-4F03-AB76-4A7939E7B34D}.Release|x64.Build.0 = Release|Any CPU
		{BFBB7CA9-D24C-4F03-AB76-4A7939E7B34D}.Release|x86.ActiveCfg = Release|Any CPU
		{BFBB7CA9-D24C-4F03-AB76-4A7939E7B34D}.Release|x86.Build.0 = Release|Any CPU
		{CB494EEA-F2E7-4EF9-AC93-D6C675BBD848}.Debug|Any CPU.ActiveCfg = Debug|Any CPU
		{CB494EEA-F2E7-4EF9-AC93-D6C675BBD848}.Debug|Any CPU.Build.0 = Debug|Any CPU
		{CB494EEA-F2E7-4EF9-AC93-D6C675BBD848}.Debug|x64.ActiveCfg = Debug|Any CPU
		{CB494EEA-F2E7-4EF9-AC93-D6C675BBD848}.Debug|x64.Build.0 = Debug|Any CPU
		{CB494EEA-F2E7-4EF9-AC93-D6C675BBD848}.Debug|x86.ActiveCfg = Debug|Any CPU
		{CB494EEA-F2E7-4EF9-AC93-D6C675BBD848}.Debug|x86.Build.0 = Debug|Any CPU
		{CB494EEA-F2E7-4EF9-AC93-D6C675BBD848}.Release|Any CPU.ActiveCfg = Release|Any CPU
		{CB494EEA-F2E7-4EF9-AC93-D6C675BBD848}.Release|Any CPU.Build.0 = Release|Any CPU
		{CB494EEA-F2E7-4EF9-AC93-D6C675BBD848}.Release|x64.ActiveCfg = Release|Any CPU
		{CB494EEA-F2E7-4EF9-AC93-D6C675BBD848}.Release|x64.Build.0 = Release|Any CPU
		{CB494EEA-F2E7-4EF9-AC93-D6C675BBD848}.Release|x86.ActiveCfg = Release|Any CPU
		{CB494EEA-F2E7-4EF9-AC93-D6C675BBD848}.Release|x86.Build.0 = Release|Any CPU
		{8E7E107A-9C3A-4B77-A97B-9F735B57A945}.Debug|Any CPU.ActiveCfg = Debug|Any CPU
		{8E7E107A-9C3A-4B77-A97B-9F735B57A945}.Debug|Any CPU.Build.0 = Debug|Any CPU
		{8E7E107A-9C3A-4B77-A97B-9F735B57A945}.Debug|x64.ActiveCfg = Debug|Any CPU
		{8E7E107A-9C3A-4B77-A97B-9F735B57A945}.Debug|x64.Build.0 = Debug|Any CPU
		{8E7E107A-9C3A-4B77-A97B-9F735B57A945}.Debug|x86.ActiveCfg = Debug|Any CPU
		{8E7E107A-9C3A-4B77-A97B-9F735B57A945}.Debug|x86.Build.0 = Debug|Any CPU
		{8E7E107A-9C3A-4B77-A97B-9F735B57A945}.Release|Any CPU.ActiveCfg = Release|Any CPU
		{8E7E107A-9C3A-4B77-A97B-9F735B57A945}.Release|Any CPU.Build.0 = Release|Any CPU
		{8E7E107A-9C3A-4B77-A97B-9F735B57A945}.Release|x64.ActiveCfg = Release|Any CPU
		{8E7E107A-9C3A-4B77-A97B-9F735B57A945}.Release|x64.Build.0 = Release|Any CPU
		{8E7E107A-9C3A-4B77-A97B-9F735B57A945}.Release|x86.ActiveCfg = Release|Any CPU
		{8E7E107A-9C3A-4B77-A97B-9F735B57A945}.Release|x86.Build.0 = Release|Any CPU
		{058186E7-D739-445D-BFF4-24107F92BDDB}.Debug|Any CPU.ActiveCfg = Debug|Any CPU
		{058186E7-D739-445D-BFF4-24107F92BDDB}.Debug|Any CPU.Build.0 = Debug|Any CPU
		{058186E7-D739-445D-BFF4-24107F92BDDB}.Debug|x64.ActiveCfg = Debug|Any CPU
		{058186E7-D739-445D-BFF4-24107F92BDDB}.Debug|x64.Build.0 = Debug|Any CPU
		{058186E7-D739-445D-BFF4-24107F92BDDB}.Debug|x86.ActiveCfg = Debug|Any CPU
		{058186E7-D739-445D-BFF4-24107F92BDDB}.Debug|x86.Build.0 = Debug|Any CPU
		{058186E7-D739-445D-BFF4-24107F92BDDB}.Release|Any CPU.ActiveCfg = Release|Any CPU
		{058186E7-D739-445D-BFF4-24107F92BDDB}.Release|Any CPU.Build.0 = Release|Any CPU
		{058186E7-D739-445D-BFF4-24107F92BDDB}.Release|x64.ActiveCfg = Release|Any CPU
		{058186E7-D739-445D-BFF4-24107F92BDDB}.Release|x64.Build.0 = Release|Any CPU
		{058186E7-D739-445D-BFF4-24107F92BDDB}.Release|x86.ActiveCfg = Release|Any CPU
		{058186E7-D739-445D-BFF4-24107F92BDDB}.Release|x86.Build.0 = Release|Any CPU
		{1E59F0CB-87C6-45A8-819E-FC579A8A336F}.Debug|Any CPU.ActiveCfg = Debug|Any CPU
		{1E59F0CB-87C6-45A8-819E-FC579A8A336F}.Debug|Any CPU.Build.0 = Debug|Any CPU
		{1E59F0CB-87C6-45A8-819E-FC579A8A336F}.Debug|x64.ActiveCfg = Debug|Any CPU
		{1E59F0CB-87C6-45A8-819E-FC579A8A336F}.Debug|x64.Build.0 = Debug|Any CPU
		{1E59F0CB-87C6-45A8-819E-FC579A8A336F}.Debug|x86.ActiveCfg = Debug|Any CPU
		{1E59F0CB-87C6-45A8-819E-FC579A8A336F}.Debug|x86.Build.0 = Debug|Any CPU
		{1E59F0CB-87C6-45A8-819E-FC579A8A336F}.Release|Any CPU.ActiveCfg = Release|Any CPU
		{1E59F0CB-87C6-45A8-819E-FC579A8A336F}.Release|Any CPU.Build.0 = Release|Any CPU
		{1E59F0CB-87C6-45A8-819E-FC579A8A336F}.Release|x64.ActiveCfg = Release|Any CPU
		{1E59F0CB-87C6-45A8-819E-FC579A8A336F}.Release|x64.Build.0 = Release|Any CPU
		{1E59F0CB-87C6-45A8-819E-FC579A8A336F}.Release|x86.ActiveCfg = Release|Any CPU
		{1E59F0CB-87C6-45A8-819E-FC579A8A336F}.Release|x86.Build.0 = Release|Any CPU
		{393635F1-0C05-49D3-A975-8B725B957537}.Debug|Any CPU.ActiveCfg = Debug|Any CPU
		{393635F1-0C05-49D3-A975-8B725B957537}.Debug|Any CPU.Build.0 = Debug|Any CPU
		{393635F1-0C05-49D3-A975-8B725B957537}.Debug|x64.ActiveCfg = Debug|Any CPU
		{393635F1-0C05-49D3-A975-8B725B957537}.Debug|x64.Build.0 = Debug|Any CPU
		{393635F1-0C05-49D3-A975-8B725B957537}.Debug|x86.ActiveCfg = Debug|Any CPU
		{393635F1-0C05-49D3-A975-8B725B957537}.Debug|x86.Build.0 = Debug|Any CPU
		{393635F1-0C05-49D3-A975-8B725B957537}.Release|Any CPU.ActiveCfg = Release|Any CPU
		{393635F1-0C05-49D3-A975-8B725B957537}.Release|Any CPU.Build.0 = Release|Any CPU
		{393635F1-0C05-49D3-A975-8B725B957537}.Release|x64.ActiveCfg = Release|Any CPU
		{393635F1-0C05-49D3-A975-8B725B957537}.Release|x64.Build.0 = Release|Any CPU
		{393635F1-0C05-49D3-A975-8B725B957537}.Release|x86.ActiveCfg = Release|Any CPU
		{393635F1-0C05-49D3-A975-8B725B957537}.Release|x86.Build.0 = Release|Any CPU
		{A602C5DA-A0E0-46D6-B570-018D887B7580}.Debug|Any CPU.ActiveCfg = Debug|Any CPU
		{A602C5DA-A0E0-46D6-B570-018D887B7580}.Debug|Any CPU.Build.0 = Debug|Any CPU
		{A602C5DA-A0E0-46D6-B570-018D887B7580}.Debug|x64.ActiveCfg = Debug|Any CPU
		{A602C5DA-A0E0-46D6-B570-018D887B7580}.Debug|x64.Build.0 = Debug|Any CPU
		{A602C5DA-A0E0-46D6-B570-018D887B7580}.Debug|x86.ActiveCfg = Debug|Any CPU
		{A602C5DA-A0E0-46D6-B570-018D887B7580}.Debug|x86.Build.0 = Debug|Any CPU
		{A602C5DA-A0E0-46D6-B570-018D887B7580}.Release|Any CPU.ActiveCfg = Release|Any CPU
		{A602C5DA-A0E0-46D6-B570-018D887B7580}.Release|Any CPU.Build.0 = Release|Any CPU
		{A602C5DA-A0E0-46D6-B570-018D887B7580}.Release|x64.ActiveCfg = Release|Any CPU
		{A602C5DA-A0E0-46D6-B570-018D887B7580}.Release|x64.Build.0 = Release|Any CPU
		{A602C5DA-A0E0-46D6-B570-018D887B7580}.Release|x86.ActiveCfg = Release|Any CPU
		{A602C5DA-A0E0-46D6-B570-018D887B7580}.Release|x86.Build.0 = Release|Any CPU
		{262983D2-9C2A-43AC-A358-F02AD3230245}.Debug|Any CPU.ActiveCfg = Debug|Any CPU
		{262983D2-9C2A-43AC-A358-F02AD3230245}.Debug|Any CPU.Build.0 = Debug|Any CPU
		{262983D2-9C2A-43AC-A358-F02AD3230245}.Debug|x64.ActiveCfg = Debug|Any CPU
		{262983D2-9C2A-43AC-A358-F02AD3230245}.Debug|x64.Build.0 = Debug|Any CPU
		{262983D2-9C2A-43AC-A358-F02AD3230245}.Debug|x86.ActiveCfg = Debug|Any CPU
		{262983D2-9C2A-43AC-A358-F02AD3230245}.Debug|x86.Build.0 = Debug|Any CPU
		{262983D2-9C2A-43AC-A358-F02AD3230245}.Release|Any CPU.ActiveCfg = Release|Any CPU
		{262983D2-9C2A-43AC-A358-F02AD3230245}.Release|Any CPU.Build.0 = Release|Any CPU
		{262983D2-9C2A-43AC-A358-F02AD3230245}.Release|x64.ActiveCfg = Release|Any CPU
		{262983D2-9C2A-43AC-A358-F02AD3230245}.Release|x64.Build.0 = Release|Any CPU
		{262983D2-9C2A-43AC-A358-F02AD3230245}.Release|x86.ActiveCfg = Release|Any CPU
		{262983D2-9C2A-43AC-A358-F02AD3230245}.Release|x86.Build.0 = Release|Any CPU
		{6904ED28-136D-44CF-8A23-B827595D02A4}.Debug|Any CPU.ActiveCfg = Debug|Any CPU
		{6904ED28-136D-44CF-8A23-B827595D02A4}.Debug|Any CPU.Build.0 = Debug|Any CPU
		{6904ED28-136D-44CF-8A23-B827595D02A4}.Debug|x64.ActiveCfg = Debug|Any CPU
		{6904ED28-136D-44CF-8A23-B827595D02A4}.Debug|x64.Build.0 = Debug|Any CPU
		{6904ED28-136D-44CF-8A23-B827595D02A4}.Debug|x86.ActiveCfg = Debug|Any CPU
		{6904ED28-136D-44CF-8A23-B827595D02A4}.Debug|x86.Build.0 = Debug|Any CPU
		{6904ED28-136D-44CF-8A23-B827595D02A4}.Release|Any CPU.ActiveCfg = Release|Any CPU
		{6904ED28-136D-44CF-8A23-B827595D02A4}.Release|Any CPU.Build.0 = Release|Any CPU
		{6904ED28-136D-44CF-8A23-B827595D02A4}.Release|x64.ActiveCfg = Release|Any CPU
		{6904ED28-136D-44CF-8A23-B827595D02A4}.Release|x64.Build.0 = Release|Any CPU
		{6904ED28-136D-44CF-8A23-B827595D02A4}.Release|x86.ActiveCfg = Release|Any CPU
		{6904ED28-136D-44CF-8A23-B827595D02A4}.Release|x86.Build.0 = Release|Any CPU
		{B454B0CB-1237-4CFB-974F-F1ACE40A8E3E}.Debug|Any CPU.ActiveCfg = Debug|Any CPU
		{B454B0CB-1237-4CFB-974F-F1ACE40A8E3E}.Debug|Any CPU.Build.0 = Debug|Any CPU
		{B454B0CB-1237-4CFB-974F-F1ACE40A8E3E}.Debug|x64.ActiveCfg = Debug|Any CPU
		{B454B0CB-1237-4CFB-974F-F1ACE40A8E3E}.Debug|x64.Build.0 = Debug|Any CPU
		{B454B0CB-1237-4CFB-974F-F1ACE40A8E3E}.Debug|x86.ActiveCfg = Debug|Any CPU
		{B454B0CB-1237-4CFB-974F-F1ACE40A8E3E}.Debug|x86.Build.0 = Debug|Any CPU
		{B454B0CB-1237-4CFB-974F-F1ACE40A8E3E}.Release|Any CPU.ActiveCfg = Release|Any CPU
		{B454B0CB-1237-4CFB-974F-F1ACE40A8E3E}.Release|Any CPU.Build.0 = Release|Any CPU
		{B454B0CB-1237-4CFB-974F-F1ACE40A8E3E}.Release|x64.ActiveCfg = Release|Any CPU
		{B454B0CB-1237-4CFB-974F-F1ACE40A8E3E}.Release|x64.Build.0 = Release|Any CPU
		{B454B0CB-1237-4CFB-974F-F1ACE40A8E3E}.Release|x86.ActiveCfg = Release|Any CPU
		{B454B0CB-1237-4CFB-974F-F1ACE40A8E3E}.Release|x86.Build.0 = Release|Any CPU
	EndGlobalSection
	GlobalSection(SolutionProperties) = preSolution
		HideSolutionNode = FALSE
	EndGlobalSection
	GlobalSection(NestedProjects) = preSolution
		{ECD211A6-EB69-4657-A060-3194237EEB59} = {827E0CD3-B72D-47B6-A68D-7590B98EB39B}
		{3EBF8F6B-CEA1-4D67-B10C-C39168F1D263} = {827E0CD3-B72D-47B6-A68D-7590B98EB39B}
		{2A1ED379-9FA7-4305-9EC7-996A6482C426} = {827E0CD3-B72D-47B6-A68D-7590B98EB39B}
		{D88C88CA-49F0-4CC1-9DE4-9E672673676A} = {827E0CD3-B72D-47B6-A68D-7590B98EB39B}
		{AEE8675E-88B2-4C33-B56F-F4D4C5F1B713} = {827E0CD3-B72D-47B6-A68D-7590B98EB39B}
		{A88D45CF-C11D-4360-B8F4-85A8758666D2} = {827E0CD3-B72D-47B6-A68D-7590B98EB39B}
		{AF8166AB-79F3-4411-8A32-E55AA18D9381} = {827E0CD3-B72D-47B6-A68D-7590B98EB39B}
		{CB33A435-057B-4965-80BB-209FEA931695} = {827E0CD3-B72D-47B6-A68D-7590B98EB39B}
		{3A10DCD4-F85E-4054-8AD1-E876829A7766} = {CB33A435-057B-4965-80BB-209FEA931695}
		{8E1D8841-33FB-428D-92B7-CE1633C99A24} = {CB33A435-057B-4965-80BB-209FEA931695}
		{E50CC88B-50DB-4AB7-93B5-86FCF5786A6D} = {CB33A435-057B-4965-80BB-209FEA931695}
		{3B751CE1-E10E-4F5E-893D-D6DA1122A2D5} = {CB33A435-057B-4965-80BB-209FEA931695}
		{1A33888F-49E8-4FD6-BE51-89959B779D4D} = {827E0CD3-B72D-47B6-A68D-7590B98EB39B}
		{B76F9AC7-B358-408D-BE85-3BA33ADF2EC1} = {1A33888F-49E8-4FD6-BE51-89959B779D4D}
		{BC0F26C6-52EE-4FEE-A0D8-3F8538E02135} = {1A33888F-49E8-4FD6-BE51-89959B779D4D}
		{ECEC83EB-E86A-477B-B2E8-DF9F09053225} = {1A33888F-49E8-4FD6-BE51-89959B779D4D}
		{F454BE47-66F1-45B5-A123-CDBCF2748B6E} = {1A33888F-49E8-4FD6-BE51-89959B779D4D}
		{733DD975-5F55-4711-AD9E-87B08269F759} = {827E0CD3-B72D-47B6-A68D-7590B98EB39B}
		{A1DDE425-70AC-43DC-82C9-1AC804DF81F6} = {733DD975-5F55-4711-AD9E-87B08269F759}
		{969A0B64-CFBA-4BFA-9F14-05BFC87BD5C0} = {733DD975-5F55-4711-AD9E-87B08269F759}
		{8F1FAA98-B954-44E8-8323-355A277A4A49} = {733DD975-5F55-4711-AD9E-87B08269F759}
		{08D10CA2-0BBB-495B-B79F-002A1A3F5395} = {733DD975-5F55-4711-AD9E-87B08269F759}
		{2A51A428-62B4-47D7-8358-8F32183625B5} = {827E0CD3-B72D-47B6-A68D-7590B98EB39B}
		{BFBB7CA9-D24C-4F03-AB76-4A7939E7B34D} = {2A51A428-62B4-47D7-8358-8F32183625B5}
		{CB494EEA-F2E7-4EF9-AC93-D6C675BBD848} = {2A51A428-62B4-47D7-8358-8F32183625B5}
		{8E7E107A-9C3A-4B77-A97B-9F735B57A945} = {2A51A428-62B4-47D7-8358-8F32183625B5}
		{058186E7-D739-445D-BFF4-24107F92BDDB} = {2A51A428-62B4-47D7-8358-8F32183625B5}
		{13FE85B1-D9C8-469F-938A-C4E24F896E2A} = {827E0CD3-B72D-47B6-A68D-7590B98EB39B}
		{1E59F0CB-87C6-45A8-819E-FC579A8A336F} = {13FE85B1-D9C8-469F-938A-C4E24F896E2A}
		{393635F1-0C05-49D3-A975-8B725B957537} = {13FE85B1-D9C8-469F-938A-C4E24F896E2A}
		{A602C5DA-A0E0-46D6-B570-018D887B7580} = {13FE85B1-D9C8-469F-938A-C4E24F896E2A}
		{262983D2-9C2A-43AC-A358-F02AD3230245} = {13FE85B1-D9C8-469F-938A-C4E24F896E2A}
		{6904ED28-136D-44CF-8A23-B827595D02A4} = {827E0CD3-B72D-47B6-A68D-7590B98EB39B}
		{B454B0CB-1237-4CFB-974F-F1ACE40A8E3E} = {827E0CD3-B72D-47B6-A68D-7590B98EB39B}
	EndGlobalSection
EndGlobal
